
Microsoft Visual Studio Solution File, Format Version 12.00
# Visual Studio Version 16
VisualStudioVersion = 16.0.30413.136
MinimumVisualStudioVersion = 10.0.40219.1
Project("{9A19103F-16F7-4668-BE54-9A1E7A4F7556}") = "ShopBankSolution.Webapp", "ShopBankSolution.Webapp\ShopBankSolution.Webapp.csproj", "{002628F2-081A-4ED4-BDF4-1FD60D3E4594}"
EndProject
Project("{2150E333-8FDC-42A3-9474-1A3956D46DE8}") = "Solution Items", "Solution Items", "{61ABDB53-0AAD-4B45-A837-E7AB97948E7D}"
	ProjectSection(SolutionItems) = preProject
		README.txt = README.txt
	EndProjectSection
EndProject
Project("{FAE04EC0-301F-11D3-BF4B-00C04F79EFBC}") = "ShopBankSolution.Data", "ShopSolution.Data\ShopBankSolution.Data.csproj", "{D4BA2E6A-A774-4917-823E-86ED015FB0C1}"
EndProject
Project("{FAE04EC0-301F-11D3-BF4B-00C04F79EFBC}") = "ShopBankSolution.Aplication", "ShopBankSolution.Aplication\ShopBankSolution.Aplication.csproj", "{8371750B-A6C7-48B9-9EF0-4EBEDFD15FA8}"
EndProject
Global
	GlobalSection(SolutionConfigurationPlatforms) = preSolution
		Debug|Any CPU = Debug|Any CPU
		Release|Any CPU = Release|Any CPU
	EndGlobalSection
	GlobalSection(ProjectConfigurationPlatforms) = postSolution
		{002628F2-081A-4ED4-BDF4-1FD60D3E4594}.Debug|Any CPU.ActiveCfg = Debug|Any CPU
		{002628F2-081A-4ED4-BDF4-1FD60D3E4594}.Debug|Any CPU.Build.0 = Debug|Any CPU
		{002628F2-081A-4ED4-BDF4-1FD60D3E4594}.Release|Any CPU.ActiveCfg = Release|Any CPU
		{002628F2-081A-4ED4-BDF4-1FD60D3E4594}.Release|Any CPU.Build.0 = Release|Any CPU
		{D4BA2E6A-A774-4917-823E-86ED015FB0C1}.Debug|Any CPU.ActiveCfg = Debug|Any CPU
		{D4BA2E6A-A774-4917-823E-86ED015FB0C1}.Debug|Any CPU.Build.0 = Debug|Any CPU
		{D4BA2E6A-A774-4917-823E-86ED015FB0C1}.Release|Any CPU.ActiveCfg = Release|Any CPU
		{D4BA2E6A-A774-4917-823E-86ED015FB0C1}.Release|Any CPU.Build.0 = Release|Any CPU
		{8371750B-A6C7-48B9-9EF0-4EBEDFD15FA8}.Debug|Any CPU.ActiveCfg = Debug|Any CPU
		{8371750B-A6C7-48B9-9EF0-4EBEDFD15FA8}.Debug|Any CPU.Build.0 = Debug|Any CPU
		{8371750B-A6C7-48B9-9EF0-4EBEDFD15FA8}.Release|Any CPU.ActiveCfg = Release|Any CPU
		{8371750B-A6C7-48B9-9EF0-4EBEDFD15FA8}.Release|Any CPU.Build.0 = Release|Any CPU
	EndGlobalSection
	GlobalSection(SolutionProperties) = preSolution
		HideSolutionNode = FALSE
	EndGlobalSection
	GlobalSection(ExtensibilityGlobals) = postSolution
		SolutionGuid = {BEBFE252-E6E7-4719-AF3F-1CC73EDD5BF2}
	EndGlobalSection
EndGlobal
